<Solution>
  <Folder Name="/src/">
    <Project Path="src/Mdl.App/Mdl.App.csproj" />
    <Project Path="src/Mdl.Cli/Mdl.Cli.csproj" />
    <Project Path="src/Mdl.Core/Mdl.Core.csproj" />
    <Project Path="src/Mdl.Provider.Tmdl/Mdl.Provider.Tmdl.csproj" />
    <Project Path="src/Mdl.Provider.Tom/Mdl.Provider.Tom.csproj" />
  </Folder>
  <Folder Name="/tests/">
    <Project Path="tests/Mdl.App.Tests/Mdl.App.Tests.csproj" />
  </Folder>
</Solution>
